// !$*UTF8*$!
{
	archiveVersion = 1;
	classes = {
	};
	objectVersion = 46;
	objects = {

/* Begin PBXBuildFile section */
		D677C2C91D6D4D5E000FAE29 /* main.swift in Sources */ = {isa = PBXBuildFile; fileRef = D677C2C81D6D4D5E000FAE29 /* main.swift */; };
		D677C2D01D6D4EF2000FAE29 /* Apartment.swift in Sources */ = {isa = PBXBuildFile; fileRef = D677C2CF1D6D4EF2000FAE29 /* Apartment.swift */; };
		D677C2D21D6D4F50000FAE29 /* Person.swift in Sources */ = {isa = PBXBuildFile; fileRef = D677C2D11D6D4F50000FAE29 /* Person.swift */; };
/* End PBXBuildFile section */

/* Begin PBXCopyFilesBuildPhase section */
		D677C2C31D6D4D5E000FAE29 /* CopyFiles */ = {
			isa = PBXCopyFilesBuildPhase;
			buildActionMask = 2147483647;
			dstPath = /usr/share/man/man1/;
			dstSubfolderSpec = 0;
			files = (
			);
			runOnlyForDeploymentPostprocessing = 1;
		};
/* End PBXCopyFilesBuildPhase section */

/* Begin PBXFileReference section */
		D677C2C51D6D4D5E000FAE29 /* prog6.1 */ = {isa = PBXFileReference; explicitFileType = "compiled.mach-o.executable"; includeInIndex = 0; path = prog6.1; sourceTree = BUILT_PRODUCTS_DIR; };
		D677C2C81D6D4D5E000FAE29 /* main.swift */ = {isa = PBXFileReference; lastKnownFileType = sourcecode.swift; path = main.swift; sourceTree = "<group>"; };
		D677C2CF1D6D4EF2000FAE29 /* Apartment.swift */ = {isa = PBXFileReference; fileEncoding = 4; lastKnownFileType = sourcecode.swift; path = Apartment.swift; sourceTree = "<group>"; };
		D677C2D11D6D4F50000FAE29 /* Person.swift */ = {isa = PBXFileReference; fileEncoding = 4; lastKnownFileType = sourcecode.swift; path = Person.swift; sourceTree = "<group>"; };
/* End PBXFileReference section */

/* Begin PBXFrameworksBuildPhase section */
		D677C2C21D6D4D5E000FAE29 /* Frameworks */ = {
			isa = PBXFrameworksBuildPhase;
			buildActionMask = 2147483647;
			files = (
			);
			runOnlyForDeploymentPostprocessing = 0;
		};
/* End PBXFrameworksBuildPhase section */

/* Begin PBXGroup section */
		D677C2BC1D6D4D5E000FAE29 = {
			isa = PBXGroup;
			children = (
				D677C2C71D6D4D5E000FAE29 /* prog6.1 */,
				D677C2C61D6D4D5E000FAE29 /* Products */,
			);
			sourceTree = "<group>";
		};
		D677C2C61D6D4D5E000FAE29 /* Products */ = {
			isa = PBXGroup;
			children = (
				D677C2C51D6D4D5E000FAE29 /* prog6.1 */,
			);
			name = Products;
			sourceTree = "<group>";
		};
		D677C2C71D6D4D5E000FAE29 /* prog6.1 */ = {
			isa = PBXGroup;
			children = (
				D677C2C81D6D4D5E000FAE29 /* main.swift */,
				D677C2CF1D6D4EF2000FAE29 /* Apartment.swift */,
				D677C2D11D6D4F50000FAE29 /* Person.swift */,
			);
			path = prog6.1;
			sourceTree = "<group>";
		};
/* End PBXGroup section */

/* Begin PBXNativeTarget section */
		D677C2C41D6D4D5E000FAE29 /* prog6.1 */ = {
			isa = PBXNativeTarget;
			buildConfigurationList = D677C2CC1D6D4D5E000FAE29 /* Build configuration list for PBXNativeTarget "prog6.1" */;
			buildPhases = (
				D677C2C11D6D4D5E000FAE29 /* Sources */,
				D677C2C21D6D4D5E000FAE29 /* Frameworks */,
				D677C2C31D6D4D5E000FAE29 /* CopyFiles */,
			);
			buildRules = (
			);
			dependencies = (
			);
			name = prog6.1;
			productName = prog6.1;
			productReference = D677C2C51D6D4D5E000FAE29 /* prog6.1 */;
			productType = "com.apple.product-type.tool";
		};
/* End PBXNativeTarget section */

/* Begin PBXProject section */
		D677C2BD1D6D4D5E000FAE29 /* Project object */ = {
			isa = PBXProject;
			attributes = {
				LastSwiftUpdateCheck = 0730;
				LastUpgradeCheck = 0730;
				ORGANIZATIONNAME = "Benjaman Dutton";
				TargetAttributes = {
					D677C2C41D6D4D5E000FAE29 = {
						CreatedOnToolsVersion = 7.3.1;
					};
				};
			};
			buildConfigurationList = D677C2C01D6D4D5E000FAE29 /* Build configuration list for PBXProject "prog6.1" */;
			compatibilityVersion = "Xcode 3.2";
			developmentRegion = English;
			hasScannedForEncodings = 0;
			knownRegions = (
				en,
			);
			mainGroup = D677C2BC1D6D4D5E000FAE29;
			productRefGroup = D677C2C61D6D4D5E000FAE29 /* Products */;
			projectDirPath = "";
			projectRoot = "";
			targets = (
				D677C2C41D6D4D5E000FAE29 /* prog6.1 */,
			);
		};
/* End PBXProject section */

/* Begin PBXSourcesBuildPhase section */
		D677C2C11D6D4D5E000FAE29 /* Sources */ = {
			isa = PBXSourcesBuildPhase;
			buildActionMask = 2147483647;
			files = (
				D677C2D21D6D4F50000FAE29 /* Person.swift in Sources */,
				D677C2D01D6D4EF2000FAE29 /* Apartment.swift in Sources */,
				D677C2C91D6D4D5E000FAE29 /* main.swift in Sources */,
			);
			runOnlyForDeploymentPostprocessing = 0;
		};
/* End PBXSourcesBuildPhase section */

/* Begin XCBuildConfiguration section */
		D677C2CA1D6D4D5E000FAE29 /* Debug */ = {
			isa = XCBuildConfiguration;
			buildSettings = {
				ALWAYS_SEARCH_USER_PATHS = NO;
				CLANG_ANALYZER_NONNULL = YES;
				CLANG_CXX_LANGUAGE_STANDARD = "gnu++0x";
				CLANG_CXX_LIBRARY = "libc++";
				CLANG_ENABLE_MODULES = YES;
				CLANG_ENABLE_OBJC_ARC = YES;
				CLANG_WARN_BOOL_CONVERSION = YES;
				CLANG_WARN_CONSTANT_CONVERSION = YES;
				CLANG_WARN_DIRECT_OBJC_ISA_USAGE = YES_ERROR;
				CLANG_WARN_EMPTY_BODY = YES;
				CLANG_WARN_ENUM_CONVERSION = YES;
				CLANG_WARN_INT_CONVERSION = YES;
				CLANG_WARN_OBJC_ROOT_CLASS = YES_ERROR;
				CLANG_WARN_UNREACHABLE_CODE = YES;
				CLANG_WARN__DUPLICATE_METHOD_MATCH = YES;
				CODE_SIGN_IDENTITY = "-";
				COPY_PHASE_STRIP = NO;
				DEBUG_INFORMATION_FORMAT = dwarf;
				ENABLE_STRICT_OBJC_MSGSEND = YES;
				ENABLE_TESTABILITY = YES;
				GCC_C_LANGUAGE_STANDARD = gnu99;
				GCC_DYNAMIC_NO_PIC = NO;
				GCC_NO_COMMON_BLOCKS = YES;
				GCC_OPTIMIZATION_LEVEL = 0;
				GCC_PREPROCESSOR_DEFINITIONS = (
					"DEBUG=1",
					"$(inherited)",
				);
				GCC_WARN_64_TO_32_BIT_CONVERSION = YES;
				GCC_WARN_ABOUT_RETURN_TYPE = YES_ERROR;
				GCC_WARN_UNDECLARED_SELECTOR = YES;
				GCC_WARN_UNINITIALIZED_AUTOS = YES_AGGRESSIVE;
				GCC_WARN_UNUSED_FUNCTION = YES;
				GCC_WARN_UNUSED_VARIABLE = YES;
				MACOSX_DEPLOYMENT_TARGET = 10.11;
				MTL_ENABLE_DEBUG_INFO = YES;
				ONLY_ACTIVE_ARCH = YES;
				SDKROOT = macosx;
				SWIFT_OPTIMIZATION_LEVEL = "-Onone";
			};
			name = Debug;
		};
		D677C2CB1D6D4D5E000FAE29 /* Release */ = {
			isa = XCBuildConfiguration;
			buildSettings = {
				ALWAYS_SEARCH_USER_PATHS = NO;
				CLANG_ANALYZER_NONNULL = YES;
				CLANG_CXX_LANGUAGE_STANDARD = "gnu++0x";
				CLANG_CXX_LIBRARY = "libc++";
				CLANG_ENABLE_MODULES = YES;
				CLANG_ENABLE_OBJC_ARC = YES;
				CLANG_WARN_BOOL_CONVERSION = YES;
				CLANG_WARN_CONSTANT_CONVERSION = YES;
				CLANG_WARN_DIRECT_OBJC_ISA_USAGE = YES_ERROR;
				CLANG_WARN_EMPTY_BODY = YES;
				CLANG_WARN_ENUM_CONVERSION = YES;
				CLANG_WARN_INT_CONVERSION = YES;
				CLANG_WARN_OBJC_ROOT_CLASS = YES_ERROR;
				CLANG_WARN_UNREACHABLE_CODE = YES;
				CLANG_WARN__DUPLICATE_METHOD_MATCH = YES;
				CODE_SIGN_IDENTITY = "-";
				COPY_PHASE_STRIP = NO;
				DEBUG_INFORMATION_FORMAT = "dwarf-with-dsym";
				ENABLE_NS_ASSERTIONS = NO;
				ENABLE_STRICT_OBJC_MSGSEND = YES;
				GCC_C_LANGUAGE_STANDARD = gnu99;
				GCC_NO_COMMON_BLOCKS = YES;
				GCC_WARN_64_TO_32_BIT_CONVERSION = YES;
				GCC_WARN_ABOUT_RETURN_TYPE = YES_ERROR;
				GCC_WARN_UNDECLARED_SELECTOR = YES;
				GCC_WARN_UNINITIALIZED_AUTOS = YES_AGGRESSIVE;
				GCC_WARN_UNUSED_FUNCTION = YES;
				GCC_WARN_UNUSED_VARIABLE = YES;
				MACOSX_DEPLOYMENT_TARGET = 10.11;
				MTL_ENABLE_DEBUG_INFO = NO;
				SDKROOT = macosx;
			};
			name = Release;
		};
		D677C2CD1D6D4D5E000FAE29 /* Debug */ = {
			isa = XCBuildConfiguration;
			buildSettings = {
				PRODUCT_NAME = "$(TARGET_NAME)";
			};
			name = Debug;
		};
		D677C2CE1D6D4D5E000FAE29 /* Release */ = {
			isa = XCBuildConfiguration;
			buildSettings = {
				PRODUCT_NAME = "$(TARGET_NAME)";
			};
			name = Release;
		};
/* End XCBuildConfiguration section */

/* Begin XCConfigurationList section */
		D677C2C01D6D4D5E000FAE29 /* Build configuration list for PBXProject "prog6.1" */ = {
			isa = XCConfigurationList;
			buildConfigurations = (
				D677C2CA1D6D4D5E000FAE29 /* Debug */,
				D677C2CB1D6D4D5E000FAE29 /* Release */,
			);
			defaultConfigurationIsVisible = 0;
			defaultConfigurationName = Release;
		};
		D677C2CC1D6D4D5E000FAE29 /* Build configuration list for PBXNativeTarget "prog6.1" */ = {
			isa = XCConfigurationList;
			buildConfigurations = (
				D677C2CD1D6D4D5E000FAE29 /* Debug */,
				D677C2CE1D6D4D5E000FAE29 /* Release */,
			);
			defaultConfigurationIsVisible = 0;
		};
/* End XCConfigurationList section */
	};
	rootObject = D677C2BD1D6D4D5E000FAE29 /* Project object */;
}
