// !$*UTF8*$!
{
	archiveVersion = 1;
	classes = {
	};
	objectVersion = 46;
	objects = {

/* Begin PBXBuildFile section */
		D639A42C1D546B6E00915B2A /* main.swift in Sources */ = {isa = PBXBuildFile; fileRef = D639A42B1D546B6E00915B2A /* main.swift */; };
		D639A4331D546D0500915B2A /* LinkedList.swift in Sources */ = {isa = PBXBuildFile; fileRef = D639A4321D546D0500915B2A /* LinkedList.swift */; };
		D639A4351D5474BF00915B2A /* Queue.swift in Sources */ = {isa = PBXBuildFile; fileRef = D639A4341D5474BF00915B2A /* Queue.swift */; };
		D6ECCC471D55A80200E2009B /* Stack.swift in Sources */ = {isa = PBXBuildFile; fileRef = D6ECCC461D55A80200E2009B /* Stack.swift */; };
		D6ECCC491D55AF7900E2009B /* SortableList.swift in Sources */ = {isa = PBXBuildFile; fileRef = D6ECCC481D55AF7900E2009B /* SortableList.swift */; };
		D6ECCC4B1D55B57500E2009B /* Array.swift in Sources */ = {isa = PBXBuildFile; fileRef = D6ECCC4A1D55B57500E2009B /* Array.swift */; };
/* End PBXBuildFile section */

/* Begin PBXCopyFilesBuildPhase section */
		D639A4261D546B6E00915B2A /* CopyFiles */ = {
			isa = PBXCopyFilesBuildPhase;
			buildActionMask = 2147483647;
			dstPath = /usr/share/man/man1/;
			dstSubfolderSpec = 0;
			files = (
			);
			runOnlyForDeploymentPostprocessing = 1;
		};
/* End PBXCopyFilesBuildPhase section */

/* Begin PBXFileReference section */
		D639A4281D546B6E00915B2A /* prog4.1 */ = {isa = PBXFileReference; explicitFileType = "compiled.mach-o.executable"; includeInIndex = 0; path = prog4.1; sourceTree = BUILT_PRODUCTS_DIR; };
		D639A42B1D546B6E00915B2A /* main.swift */ = {isa = PBXFileReference; lastKnownFileType = sourcecode.swift; path = main.swift; sourceTree = "<group>"; };
		D639A4321D546D0500915B2A /* LinkedList.swift */ = {isa = PBXFileReference; fileEncoding = 4; lastKnownFileType = sourcecode.swift; path = LinkedList.swift; sourceTree = "<group>"; };
		D639A4341D5474BF00915B2A /* Queue.swift */ = {isa = PBXFileReference; fileEncoding = 4; lastKnownFileType = sourcecode.swift; path = Queue.swift; sourceTree = "<group>"; };
		D6ECCC461D55A80200E2009B /* Stack.swift */ = {isa = PBXFileReference; fileEncoding = 4; lastKnownFileType = sourcecode.swift; path = Stack.swift; sourceTree = "<group>"; };
		D6ECCC481D55AF7900E2009B /* SortableList.swift */ = {isa = PBXFileReference; fileEncoding = 4; lastKnownFileType = sourcecode.swift; path = SortableList.swift; sourceTree = "<group>"; };
		D6ECCC4A1D55B57500E2009B /* Array.swift */ = {isa = PBXFileReference; fileEncoding = 4; lastKnownFileType = sourcecode.swift; path = Array.swift; sourceTree = "<group>"; };
/* End PBXFileReference section */

/* Begin PBXFrameworksBuildPhase section */
		D639A4251D546B6E00915B2A /* Frameworks */ = {
			isa = PBXFrameworksBuildPhase;
			buildActionMask = 2147483647;
			files = (
			);
			runOnlyForDeploymentPostprocessing = 0;
		};
/* End PBXFrameworksBuildPhase section */

/* Begin PBXGroup section */
		D639A41F1D546B6E00915B2A = {
			isa = PBXGroup;
			children = (
				D639A42A1D546B6E00915B2A /* prog4.1 */,
				D639A4291D546B6E00915B2A /* Products */,
			);
			sourceTree = "<group>";
		};
		D639A4291D546B6E00915B2A /* Products */ = {
			isa = PBXGroup;
			children = (
				D639A4281D546B6E00915B2A /* prog4.1 */,
			);
			name = Products;
			sourceTree = "<group>";
		};
		D639A42A1D546B6E00915B2A /* prog4.1 */ = {
			isa = PBXGroup;
			children = (
				D639A42B1D546B6E00915B2A /* main.swift */,
				D639A4321D546D0500915B2A /* LinkedList.swift */,
				D639A4341D5474BF00915B2A /* Queue.swift */,
				D6ECCC461D55A80200E2009B /* Stack.swift */,
				D6ECCC481D55AF7900E2009B /* SortableList.swift */,
				D6ECCC4A1D55B57500E2009B /* Array.swift */,
			);
			path = prog4.1;
			sourceTree = "<group>";
		};
/* End PBXGroup section */

/* Begin PBXNativeTarget section */
		D639A4271D546B6E00915B2A /* prog4.1 */ = {
			isa = PBXNativeTarget;
			buildConfigurationList = D639A42F1D546B6E00915B2A /* Build configuration list for PBXNativeTarget "prog4.1" */;
			buildPhases = (
				D639A4241D546B6E00915B2A /* Sources */,
				D639A4251D546B6E00915B2A /* Frameworks */,
				D639A4261D546B6E00915B2A /* CopyFiles */,
			);
			buildRules = (
			);
			dependencies = (
			);
			name = prog4.1;
			productName = prog4.1;
			productReference = D639A4281D546B6E00915B2A /* prog4.1 */;
			productType = "com.apple.product-type.tool";
		};
/* End PBXNativeTarget section */

/* Begin PBXProject section */
		D639A4201D546B6E00915B2A /* Project object */ = {
			isa = PBXProject;
			attributes = {
				LastSwiftUpdateCheck = 0730;
				LastUpgradeCheck = 0730;
				ORGANIZATIONNAME = "Benjaman Dutton";
				TargetAttributes = {
					D639A4271D546B6E00915B2A = {
						CreatedOnToolsVersion = 7.3.1;
					};
				};
			};
			buildConfigurationList = D639A4231D546B6E00915B2A /* Build configuration list for PBXProject "prog4.1" */;
			compatibilityVersion = "Xcode 3.2";
			developmentRegion = English;
			hasScannedForEncodings = 0;
			knownRegions = (
				en,
			);
			mainGroup = D639A41F1D546B6E00915B2A;
			productRefGroup = D639A4291D546B6E00915B2A /* Products */;
			projectDirPath = "";
			projectRoot = "";
			targets = (
				D639A4271D546B6E00915B2A /* prog4.1 */,
			);
		};
/* End PBXProject section */

/* Begin PBXSourcesBuildPhase section */
		D639A4241D546B6E00915B2A /* Sources */ = {
			isa = PBXSourcesBuildPhase;
			buildActionMask = 2147483647;
			files = (
				D6ECCC471D55A80200E2009B /* Stack.swift in Sources */,
				D639A4331D546D0500915B2A /* LinkedList.swift in Sources */,
				D6ECCC491D55AF7900E2009B /* SortableList.swift in Sources */,
				D6ECCC4B1D55B57500E2009B /* Array.swift in Sources */,
				D639A4351D5474BF00915B2A /* Queue.swift in Sources */,
				D639A42C1D546B6E00915B2A /* main.swift in Sources */,
			);
			runOnlyForDeploymentPostprocessing = 0;
		};
/* End PBXSourcesBuildPhase section */

/* Begin XCBuildConfiguration section */
		D639A42D1D546B6E00915B2A /* Debug */ = {
			isa = XCBuildConfiguration;
			buildSettings = {
				ALWAYS_SEARCH_USER_PATHS = NO;
				CLANG_ANALYZER_NONNULL = YES;
				CLANG_CXX_LANGUAGE_STANDARD = "gnu++0x";
				CLANG_CXX_LIBRARY = "libc++";
				CLANG_ENABLE_MODULES = YES;
				CLANG_ENABLE_OBJC_ARC = YES;
				CLANG_WARN_BOOL_CONVERSION = YES;
				CLANG_WARN_CONSTANT_CONVERSION = YES;
				CLANG_WARN_DIRECT_OBJC_ISA_USAGE = YES_ERROR;
				CLANG_WARN_EMPTY_BODY = YES;
				CLANG_WARN_ENUM_CONVERSION = YES;
				CLANG_WARN_INT_CONVERSION = YES;
				CLANG_WARN_OBJC_ROOT_CLASS = YES_ERROR;
				CLANG_WARN_UNREACHABLE_CODE = YES;
				CLANG_WARN__DUPLICATE_METHOD_MATCH = YES;
				CODE_SIGN_IDENTITY = "-";
				COPY_PHASE_STRIP = NO;
				DEBUG_INFORMATION_FORMAT = dwarf;
				ENABLE_STRICT_OBJC_MSGSEND = YES;
				ENABLE_TESTABILITY = YES;
				GCC_C_LANGUAGE_STANDARD = gnu99;
				GCC_DYNAMIC_NO_PIC = NO;
				GCC_NO_COMMON_BLOCKS = YES;
				GCC_OPTIMIZATION_LEVEL = 0;
				GCC_PREPROCESSOR_DEFINITIONS = (
					"DEBUG=1",
					"$(inherited)",
				);
				GCC_WARN_64_TO_32_BIT_CONVERSION = YES;
				GCC_WARN_ABOUT_RETURN_TYPE = YES_ERROR;
				GCC_WARN_UNDECLARED_SELECTOR = YES;
				GCC_WARN_UNINITIALIZED_AUTOS = YES_AGGRESSIVE;
				GCC_WARN_UNUSED_FUNCTION = YES;
				GCC_WARN_UNUSED_VARIABLE = YES;
				MACOSX_DEPLOYMENT_TARGET = 10.11;
				MTL_ENABLE_DEBUG_INFO = YES;
				ONLY_ACTIVE_ARCH = YES;
				SDKROOT = macosx;
				SWIFT_OPTIMIZATION_LEVEL = "-Onone";
			};
			name = Debug;
		};
		D639A42E1D546B6E00915B2A /* Release */ = {
			isa = XCBuildConfiguration;
			buildSettings = {
				ALWAYS_SEARCH_USER_PATHS = NO;
				CLANG_ANALYZER_NONNULL = YES;
				CLANG_CXX_LANGUAGE_STANDARD = "gnu++0x";
				CLANG_CXX_LIBRARY = "libc++";
				CLANG_ENABLE_MODULES = YES;
				CLANG_ENABLE_OBJC_ARC = YES;
				CLANG_WARN_BOOL_CONVERSION = YES;
				CLANG_WARN_CONSTANT_CONVERSION = YES;
				CLANG_WARN_DIRECT_OBJC_ISA_USAGE = YES_ERROR;
				CLANG_WARN_EMPTY_BODY = YES;
				CLANG_WARN_ENUM_CONVERSION = YES;
				CLANG_WARN_INT_CONVERSION = YES;
				CLANG_WARN_OBJC_ROOT_CLASS = YES_ERROR;
				CLANG_WARN_UNREACHABLE_CODE = YES;
				CLANG_WARN__DUPLICATE_METHOD_MATCH = YES;
				CODE_SIGN_IDENTITY = "-";
				COPY_PHASE_STRIP = NO;
				DEBUG_INFORMATION_FORMAT = "dwarf-with-dsym";
				ENABLE_NS_ASSERTIONS = NO;
				ENABLE_STRICT_OBJC_MSGSEND = YES;
				GCC_C_LANGUAGE_STANDARD = gnu99;
				GCC_NO_COMMON_BLOCKS = YES;
				GCC_WARN_64_TO_32_BIT_CONVERSION = YES;
				GCC_WARN_ABOUT_RETURN_TYPE = YES_ERROR;
				GCC_WARN_UNDECLARED_SELECTOR = YES;
				GCC_WARN_UNINITIALIZED_AUTOS = YES_AGGRESSIVE;
				GCC_WARN_UNUSED_FUNCTION = YES;
				GCC_WARN_UNUSED_VARIABLE = YES;
				MACOSX_DEPLOYMENT_TARGET = 10.11;
				MTL_ENABLE_DEBUG_INFO = NO;
				SDKROOT = macosx;
			};
			name = Release;
		};
		D639A4301D546B6E00915B2A /* Debug */ = {
			isa = XCBuildConfiguration;
			buildSettings = {
				PRODUCT_NAME = "$(TARGET_NAME)";
			};
			name = Debug;
		};
		D639A4311D546B6E00915B2A /* Release */ = {
			isa = XCBuildConfiguration;
			buildSettings = {
				PRODUCT_NAME = "$(TARGET_NAME)";
			};
			name = Release;
		};
/* End XCBuildConfiguration section */

/* Begin XCConfigurationList section */
		D639A4231D546B6E00915B2A /* Build configuration list for PBXProject "prog4.1" */ = {
			isa = XCConfigurationList;
			buildConfigurations = (
				D639A42D1D546B6E00915B2A /* Debug */,
				D639A42E1D546B6E00915B2A /* Release */,
			);
			defaultConfigurationIsVisible = 0;
			defaultConfigurationName = Release;
		};
		D639A42F1D546B6E00915B2A /* Build configuration list for PBXNativeTarget "prog4.1" */ = {
			isa = XCConfigurationList;
			buildConfigurations = (
				D639A4301D546B6E00915B2A /* Debug */,
				D639A4311D546B6E00915B2A /* Release */,
			);
			defaultConfigurationIsVisible = 0;
			defaultConfigurationName = Release;
		};
/* End XCConfigurationList section */
	};
	rootObject = D639A4201D546B6E00915B2A /* Project object */;
}
